
Microsoft Visual Studio Solution File, Format Version 12.00
# Visual Studio 15
VisualStudioVersion = 15.0.26730.12
MinimumVisualStudioVersion = 10.0.40219.1
Project("{FAE04EC0-301F-11D3-BF4B-00C04F79EFBC}") = "IDP", "IDP\IDP.csproj", "{E87B9353-C15C-45B7-A85A-5B0F4C00375D}"
EndProject
Project("{FAE04EC0-301F-11D3-BF4B-00C04F79EFBC}") = "Resource.api", "Resource.api\Resource.api.csproj", "{6C8DB924-7AAE-49A8-B842-5858F2CB765A}"
EndProject
Global
	GlobalSection(SolutionConfigurationPlatforms) = preSolution
		Debug|Any CPU = Debug|Any CPU
		Release|Any CPU = Release|Any CPU
	EndGlobalSection
	GlobalSection(ProjectConfigurationPlatforms) = postSolution
		{E87B9353-C15C-45B7-A85A-5B0F4C00375D}.Debug|Any CPU.ActiveCfg = Debug|Any CPU
		{E87B9353-C15C-45B7-A85A-5B0F4C00375D}.Debug|Any CPU.Build.0 = Debug|Any CPU
		{E87B9353-C15C-45B7-A85A-5B0F4C00375D}.Release|Any CPU.ActiveCfg = Release|Any CPU
		{E87B9353-C15C-45B7-A85A-5B0F4C00375D}.Release|Any CPU.Build.0 = Release|Any CPU
		{6C8DB924-7AAE-49A8-B842-5858F2CB765A}.Debug|Any CPU.ActiveCfg = Debug|Any CPU
		{6C8DB924-7AAE-49A8-B842-5858F2CB765A}.Debug|Any CPU.Build.0 = Debug|Any CPU
		{6C8DB924-7AAE-49A8-B842-5858F2CB765A}.Release|Any CPU.ActiveCfg = Release|Any CPU
		{6C8DB924-7AAE-49A8-B842-5858F2CB765A}.Release|Any CPU.Build.0 = Release|Any CPU
	EndGlobalSection
	GlobalSection(SolutionProperties) = preSolution
		HideSolutionNode = FALSE
	EndGlobalSection
	GlobalSection(ExtensibilityGlobals) = postSolution
		SolutionGuid = {0692043F-6740-47D7-AFD6-87246515A9DC}
	EndGlobalSection
EndGlobal
